{
  "name": "finished",
  "version": "1.0.0",
  "lockfileVersion": 1,
  "requires": true,
  "dependencies": {
    "@aws-crypto/cache-material": {
      "version": "1.0.1",
      "resolved": "https://registry.npmjs.org/@aws-crypto/cache-material/-/cache-material-1.0.1.tgz",
      "integrity": "sha512-LN+S9EwHzQASD3NMHDptg1iYNve/zdlh3O/sG0W9cgn1TfXVQ86At8ZDRCkTBhnN2l33OBkEOZgcTh/C0rHTTA==",
      "requires": {
        "@aws-crypto/material-management": "^1.0.1",
        "@aws-crypto/serialize": "^1.0.1",
        "@types/lru-cache": "^5.1.0",
        "lru-cache": "^5.1.1",
        "tslib": "^1.9.3"
      }
    },
    "@aws-crypto/caching-materials-manager-node": {
      "version": "1.0.1",
      "resolved": "https://registry.npmjs.org/@aws-crypto/caching-materials-manager-node/-/caching-materials-manager-node-1.0.1.tgz",
      "integrity": "sha512-Vx3ZnTLS/OxNlZuEgniveUpsx0GldMZ92DoRZe0+vl9V1FRXDpawXE5bv/7smQw7A5KBLrUNgLwK9F0A9FrLGQ==",
      "requires": {
        "@aws-crypto/cache-material": "^1.0.1",
        "@aws-crypto/material-management-node": "^1.0.1",
        "tslib": "^1.9.3"
      }
    },
    "@aws-crypto/client-node": {
      "version": "1.0.1",
      "resolved": "https://registry.npmjs.org/@aws-crypto/client-node/-/client-node-1.0.1.tgz",
      "integrity": "sha512-y4YFjrHC7MrjT8IMtCMxXjHcCllN2Sb9LgTbggzv/50TrmVnU/xVZVw2zsTQJTOtzWYuJadpbi+fbz2WYJPjuQ==",
      "requires": {
        "@aws-crypto/caching-materials-manager-node": "^1.0.1",
        "@aws-crypto/decrypt-node": "^1.0.1",
        "@aws-crypto/encrypt-node": "^1.0.1",
        "@aws-crypto/kms-keyring-node": "^1.0.1",
        "@aws-crypto/material-management-node": "^1.0.1",
        "@aws-crypto/raw-aes-keyring-node": "^1.0.1",
        "@aws-crypto/raw-rsa-keyring-node": "^1.0.1",
        "tslib": "^1.9.3"
      }
    },
    "@aws-crypto/decrypt-node": {
      "version": "1.0.1",
      "resolved": "https://registry.npmjs.org/@aws-crypto/decrypt-node/-/decrypt-node-1.0.1.tgz",
      "integrity": "sha512-j5lRW+oEHLrg0DWYTOLwF5+GSl/+NwDqBNHEtm85mSf1C21D2WbPZN087m50GKJkeFF2na4fK96Mp9b3rJxPjg==",
      "requires": {
        "@aws-crypto/material-management-node": "^1.0.1",
        "@aws-crypto/serialize": "^1.0.1",
        "@types/duplexify": "^3.6.0",
        "duplexify": "^4.0.0",
        "readable-stream": "^3.2.0",
        "tslib": "^1.9.3"
      }
    },
    "@aws-crypto/encrypt-node": {
      "version": "1.0.1",
      "resolved": "https://registry.npmjs.org/@aws-crypto/encrypt-node/-/encrypt-node-1.0.1.tgz",
      "integrity": "sha512-Fw4gby2TUX7IwX81SieI0uoEsYTmLUJjijm4mVvAKoDZRuHj1Bcn+FyLUMprrmssbFialL7hzjOnwUMFR2Hg2w==",
      "requires": {
        "@aws-crypto/material-management-node": "^1.0.1",
        "@aws-crypto/serialize": "^1.0.1",
        "@types/duplexify": "^3.6.0",
        "duplexify": "^4.0.0",
        "readable-stream": "^3.2.0",
        "tslib": "^1.9.3"
      }
    },
    "@aws-crypto/hkdf-node": {
      "version": "1.0.0",
      "resolved": "https://registry.npmjs.org/@aws-crypto/hkdf-node/-/hkdf-node-1.0.0.tgz",
      "integrity": "sha512-nTQModw75tjDQwcMcWKGDvobWCDUUfzQG8/tIVB5CNz/LaNLaMlcNPumq/dMw4B8TbOiRbID3Tnn0LNPqQbL3Q==",
      "requires": {
        "tslib": "^1.9.3"
      }
    },
    "@aws-crypto/kms-keyring": {
      "version": "1.0.1",
      "resolved": "https://registry.npmjs.org/@aws-crypto/kms-keyring/-/kms-keyring-1.0.1.tgz",
      "integrity": "sha512-CXbaAgBgqcmpzOhVRwtB45I2TGbGtwqmCkr3umpvZniT43J3JNncdBTAVcvpaeQS03q+ack4QC2/MVTx8G+Aag==",
      "requires": {
        "@aws-crypto/material-management": "^1.0.1",
        "tslib": "^1.9.3"
      }
    },
    "@aws-crypto/kms-keyring-node": {
      "version": "1.0.1",
      "resolved": "https://registry.npmjs.org/@aws-crypto/kms-keyring-node/-/kms-keyring-node-1.0.1.tgz",
      "integrity": "sha512-FozBjzBE1F7Jf7dJgZDX4s+kHhz2eRzEi+QHeTTPg2BldyQ9vcEqrRdCmq2SDPQcAY6Fjm8MH5anl4jLB8gwOQ==",
      "requires": {
        "@aws-crypto/kms-keyring": "^1.0.1",
        "@aws-crypto/material-management-node": "^1.0.1",
        "aws-sdk": "^2.443.0",
        "tslib": "^1.9.3"
      }
    },
    "@aws-crypto/material-management": {
      "version": "1.0.1",
      "resolved": "https://registry.npmjs.org/@aws-crypto/material-management/-/material-management-1.0.1.tgz",
      "integrity": "sha512-7A9n9n0zlsbouknO8xi1wMYNvyHNTUQt/t88lpDefplK1DSa20Tqq6rh72GdkrRPgVKRykILeUvuerpWrecVfg==",
      "requires": {
        "asn1.js": "^5.0.1",
        "bn.js": "^4.11.8",
        "tslib": "^1.9.3"
      }
    },
    "@aws-crypto/material-management-node": {
      "version": "1.0.1",
      "resolved": "https://registry.npmjs.org/@aws-crypto/material-management-node/-/material-management-node-1.0.1.tgz",
      "integrity": "sha512-Y6oqT563zlGDR2lQdhA7oy3TX7uGM7NN9IvxaIbN3AjFCtlRpiug66F5xjLq1GecdWBeKXwJAE0FqsOb10tspA==",
      "requires": {
        "@aws-crypto/hkdf-node": "^1.0.0",
        "@aws-crypto/material-management": "^1.0.1",
        "@aws-crypto/serialize": "^1.0.1",
        "tslib": "^1.9.3"
      }
    },
    "@aws-crypto/raw-aes-keyring-node": {
      "version": "1.0.1",
      "resolved": "https://registry.npmjs.org/@aws-crypto/raw-aes-keyring-node/-/raw-aes-keyring-node-1.0.1.tgz",
      "integrity": "sha512-xBWta76mQ9ffLnBHTwqtZq2jpxiw1UslWefTcS5oiC1J3VvxgapKQsbhCV3mQZIDczxpilfVxD6wRCpdEfuDAg==",
      "requires": {
        "@aws-crypto/material-management-node": "^1.0.1",
        "@aws-crypto/raw-keyring": "^1.0.1",
        "@aws-crypto/serialize": "^1.0.1",
        "tslib": "^1.9.3"
      }
    },
    "@aws-crypto/raw-keyring": {
      "version": "1.0.1",
      "resolved": "https://registry.npmjs.org/@aws-crypto/raw-keyring/-/raw-keyring-1.0.1.tgz",
      "integrity": "sha512-z4X4VIw8Qh1os445ecjutZgliE25NomiiROv6AoJODuR0WwgE3WFrgyj5IeZ1EglxIUV2FdD84yOP+v97Bh76g==",
      "requires": {
        "@aws-crypto/material-management": "^1.0.1",
        "@aws-crypto/serialize": "^1.0.1",
        "tslib": "^1.9.3"
      }
    },
    "@aws-crypto/raw-rsa-keyring-node": {
      "version": "1.0.1",
      "resolved": "https://registry.npmjs.org/@aws-crypto/raw-rsa-keyring-node/-/raw-rsa-keyring-node-1.0.1.tgz",
      "integrity": "sha512-A7DFrk1hv/Z4eUFfTMxS9X2zvditsMWYA0dV3AhbQDyNZir02JlrCErEbklPbbHItdH+CnSlVqemWR0/F0O2KQ==",
      "requires": {
        "@aws-crypto/material-management-node": "^1.0.1",
        "@aws-crypto/raw-keyring": "^1.0.1",
        "tslib": "^1.9.3"
      }
    },
    "@aws-crypto/serialize": {
      "version": "1.0.1",
      "resolved": "https://registry.npmjs.org/@aws-crypto/serialize/-/serialize-1.0.1.tgz",
      "integrity": "sha512-cUm4w5uYFGObvuJ2Iu+fKTRAgnypydXSExDGej4LO2Ums0zie0g1iGdFjYvZl2t6MqqxejyzxfWtP0UilajY4A==",
      "requires": {
        "@aws-crypto/material-management": "^1.0.1",
        "asn1.js": "^5.0.1",
        "bn.js": "^4.11.8",
        "tslib": "^1.9.3"
      }
    },
    "@iarna/toml": {
      "version": "2.2.3",
      "resolved": "https://registry.npmjs.org/@iarna/toml/-/toml-2.2.3.tgz",
      "integrity": "sha512-FmuxfCuolpLl0AnQ2NHSzoUKWEJDFl63qXjzdoWBVyFCXzMGm1spBzk7LeHNoVCiWCF7mRVms9e6jEV9+MoPbg=="
    },
    "@types/duplexify": {
      "version": "3.6.0",
      "resolved": "https://registry.npmjs.org/@types/duplexify/-/duplexify-3.6.0.tgz",
      "integrity": "sha512-5zOA53RUlzN74bvrSGwjudssD9F3a797sDZQkiYpUOxW+WHaXTCPz4/d5Dgi6FKnOqZ2CpaTo0DhgIfsXAOE/A==",
      "requires": {
        "@types/node": "*"
      }
    },
    "@types/lru-cache": {
      "version": "5.1.0",
      "resolved": "https://registry.npmjs.org/@types/lru-cache/-/lru-cache-5.1.0.tgz",
      "integrity": "sha512-RaE0B+14ToE4l6UqdarKPnXwVDuigfFv+5j9Dze/Nqr23yyuqdNvzcZi3xB+3Agvi5R4EOgAksfv3lXX4vBt9w=="
    },
    "@types/node": {
      "version": "12.12.6",
      "resolved": "https://registry.npmjs.org/@types/node/-/node-12.12.6.tgz",
      "integrity": "sha512-FjsYUPzEJdGXjwKqSpE0/9QEh6kzhTAeObA54rn6j3rR4C/mzpI9L0KNfoeASSPMMdxIsoJuCLDWcM/rVjIsSA=="
    },
    "asn1.js": {
      "version": "5.2.0",
      "resolved": "https://registry.npmjs.org/asn1.js/-/asn1.js-5.2.0.tgz",
      "integrity": "sha512-Q7hnYGGNYbcmGrCPulXfkEw7oW7qjWeM4ZTALmgpuIcZLxyqqKYWxCZg2UBm8bklrnB4m2mGyJPWfoktdORD8A==",
      "requires": {
        "bn.js": "^4.0.0",
        "inherits": "^2.0.1",
        "minimalistic-assert": "^1.0.0"
      }
    },
    "aws-sdk": {
      "version": "2.568.0",
      "resolved": "https://registry.npmjs.org/aws-sdk/-/aws-sdk-2.568.0.tgz",
      "integrity": "sha512-jPvhiJV2iLyWbJJDM01gvUCzeChWUeRMkIr6dsHu+leH2QnzvGNunTwMGculKE1jouXatajZEoA9bdqfosranw==",
      "requires": {
        "buffer": "^4.9.1",
        "events": "^1.1.1",
        "ieee754": "^1.1.13",
        "jmespath": "^0.15.0",
        "querystring": "^0.2.0",
        "sax": "^1.2.1",
        "url": "^0.10.3",
        "uuid": "^3.3.2",
        "xml2js": "^0.4.19"
      }
    },
    "base64-js": {
      "version": "1.3.1",
      "resolved": "https://registry.npmjs.org/base64-js/-/base64-js-1.3.1.tgz",
      "integrity": "sha512-mLQ4i2QO1ytvGWFWmcngKO//JXAQueZvwEKtjgQFM4jIK0kU+ytMfplL8j+n5mspOfjHwoAg+9yhb7BwAHm36g=="
    },
    "bn.js": {
      "version": "4.11.8",
      "resolved": "https://registry.npmjs.org/bn.js/-/bn.js-4.11.8.tgz",
      "integrity": "sha512-ItfYfPLkWHUjckQCk8xC+LwxgK8NYcXywGigJgSwOP8Y2iyWT4f2vsZnoOXTTbo+o5yXmIUJ4gn5538SO5S3gA=="
    },
    "buffer": {
      "version": "4.9.1",
      "resolved": "https://registry.npmjs.org/buffer/-/buffer-4.9.1.tgz",
      "integrity": "sha1-bRu2AbB6TvztlwlBMgkwJ8lbwpg=",
      "requires": {
        "base64-js": "^1.0.2",
        "ieee754": "^1.1.4",
        "isarray": "^1.0.0"
      }
    },
    "define-properties": {
      "version": "1.1.3",
      "resolved": "https://registry.npmjs.org/define-properties/-/define-properties-1.1.3.tgz",
      "integrity": "sha512-3MqfYKj2lLzdMSf8ZIZE/V+Zuy+BgD6f164e8K2w7dgnpKArBDerGYpM46IYYcjnkdPNMjPk9A6VFB8+3SKlXQ==",
      "requires": {
        "object-keys": "^1.0.12"
      }
    },
    "duplexify": {
      "version": "4.1.1",
      "resolved": "https://registry.npmjs.org/duplexify/-/duplexify-4.1.1.tgz",
      "integrity": "sha512-DY3xVEmVHTv1wSzKNbwoU6nVjzI369Y6sPoqfYr0/xlx3IdX2n94xIszTcjPO8W8ZIv0Wb0PXNcjuZyT4wiICA==",
      "requires": {
        "end-of-stream": "^1.4.1",
        "inherits": "^2.0.3",
        "readable-stream": "^3.1.1",
        "stream-shift": "^1.0.0"
      }
    },
    "end-of-stream": {
      "version": "1.4.4",
      "resolved": "https://registry.npmjs.org/end-of-stream/-/end-of-stream-1.4.4.tgz",
      "integrity": "sha512-+uw1inIHVPQoaVuHzRyXd21icM+cnt4CzD5rW+NC1wjOUSTOs+Te7FOv7AhN7vS9x/oIyhLP5PR1H+phQAHu5Q==",
      "requires": {
        "once": "^1.4.0"
      }
    },
    "es-abstract": {
      "version": "1.16.0",
      "resolved": "https://registry.npmjs.org/es-abstract/-/es-abstract-1.16.0.tgz",
      "integrity": "sha512-xdQnfykZ9JMEiasTAJZJdMWCQ1Vm00NBw79/AWi7ELfZuuPCSOMDZbT9mkOfSctVtfhb+sAAzrm+j//GjjLHLg==",
      "requires": {
        "es-to-primitive": "^1.2.0",
        "function-bind": "^1.1.1",
        "has": "^1.0.3",
        "has-symbols": "^1.0.0",
        "is-callable": "^1.1.4",
        "is-regex": "^1.0.4",
        "object-inspect": "^1.6.0",
        "object-keys": "^1.1.1",
        "string.prototype.trimleft": "^2.1.0",
        "string.prototype.trimright": "^2.1.0"
      }
    },
    "es-to-primitive": {
      "version": "1.2.0",
      "resolved": "https://registry.npmjs.org/es-to-primitive/-/es-to-primitive-1.2.0.tgz",
      "integrity": "sha512-qZryBOJjV//LaxLTV6UC//WewneB3LcXOL9NP++ozKVXsIIIpm/2c13UDiD9Jp2eThsecw9m3jPqDwTyobcdbg==",
      "requires": {
        "is-callable": "^1.1.4",
        "is-date-object": "^1.0.1",
        "is-symbol": "^1.0.2"
      }
    },
    "events": {
      "version": "1.1.1",
      "resolved": "https://registry.npmjs.org/events/-/events-1.1.1.tgz",
      "integrity": "sha1-nr23Y1rQmccNzEwqH1AEKI6L2SQ="
    },
    "function-bind": {
      "version": "1.1.1",
      "resolved": "https://registry.npmjs.org/function-bind/-/function-bind-1.1.1.tgz",
      "integrity": "sha512-yIovAzMX49sF8Yl58fSCWJ5svSLuaibPxXQJFLmBObTuCr0Mf1KiPopGM9NiFjiYBCbfaa2Fh6breQ6ANVTI0A=="
    },
    "has": {
      "version": "1.0.3",
      "resolved": "https://registry.npmjs.org/has/-/has-1.0.3.tgz",
      "integrity": "sha512-f2dvO0VU6Oej7RkWJGrehjbzMAjFp5/VKPp5tTpWIV4JHHZK1/BxbFRtf/siA2SWTe09caDmVtYYzWEIbBS4zw==",
      "requires": {
        "function-bind": "^1.1.1"
      }
    },
    "has-symbols": {
      "version": "1.0.0",
      "resolved": "https://registry.npmjs.org/has-symbols/-/has-symbols-1.0.0.tgz",
      "integrity": "sha1-uhqPGvKg/DllD1yFA2dwQSIGO0Q="
    },
    "ieee754": {
      "version": "1.1.13",
      "resolved": "https://registry.npmjs.org/ieee754/-/ieee754-1.1.13.tgz",
      "integrity": "sha512-4vf7I2LYV/HaWerSo3XmlMkp5eZ83i+/CDluXi/IGTs/O1sejBNhTtnxzmRZfvOUqj7lZjqHkeTvpgSFDlWZTg=="
    },
    "inherits": {
      "version": "2.0.4",
      "resolved": "https://registry.npmjs.org/inherits/-/inherits-2.0.4.tgz",
      "integrity": "sha512-k/vGaX4/Yla3WzyMCvTQOXYeIHvqOKtnqBduzTHpzpQZzAskKMhZ2K+EnBiSM9zGSoIFeMpXKxa4dYeZIQqewQ=="
    },
    "is-callable": {
      "version": "1.1.4",
      "resolved": "https://registry.npmjs.org/is-callable/-/is-callable-1.1.4.tgz",
      "integrity": "sha512-r5p9sxJjYnArLjObpjA4xu5EKI3CuKHkJXMhT7kwbpUyIFD1n5PMAsoPvWnvtZiNz7LjkYDRZhd7FlI0eMijEA=="
    },
    "is-date-object": {
      "version": "1.0.1",
      "resolved": "https://registry.npmjs.org/is-date-object/-/is-date-object-1.0.1.tgz",
      "integrity": "sha1-mqIOtq7rv/d/vTPnTKAbM1gdOhY="
    },
    "is-regex": {
      "version": "1.0.4",
      "resolved": "https://registry.npmjs.org/is-regex/-/is-regex-1.0.4.tgz",
      "integrity": "sha1-VRdIm1RwkbCTDglWVM7SXul+lJE=",
      "requires": {
        "has": "^1.0.1"
      }
    },
    "is-symbol": {
      "version": "1.0.2",
      "resolved": "https://registry.npmjs.org/is-symbol/-/is-symbol-1.0.2.tgz",
      "integrity": "sha512-HS8bZ9ox60yCJLH9snBpIwv9pYUAkcuLhSA1oero1UB5y9aiQpRA8y2ex945AOtCZL1lJDeIk3G5LthswI46Lw==",
      "requires": {
        "has-symbols": "^1.0.0"
      }
    },
    "isarray": {
      "version": "1.0.0",
      "resolved": "https://registry.npmjs.org/isarray/-/isarray-1.0.0.tgz",
      "integrity": "sha1-u5NdSFgsuhaMBoNJV6VKPgcSTxE="
    },
    "jmespath": {
      "version": "0.15.0",
      "resolved": "https://registry.npmjs.org/jmespath/-/jmespath-0.15.0.tgz",
      "integrity": "sha1-o/Iiqarp+Wb10nx5ZRDigJF2Qhc="
    },
    "lru-cache": {
      "version": "5.1.1",
      "resolved": "https://registry.npmjs.org/lru-cache/-/lru-cache-5.1.1.tgz",
      "integrity": "sha512-KpNARQA3Iwv+jTA0utUVVbrh+Jlrr1Fv0e56GGzAFOXN7dk/FviaDW8LHmK52DlcH4WP2n6gI8vN1aesBFgo9w==",
      "requires": {
        "yallist": "^3.0.2"
      }
    },
    "minimalistic-assert": {
      "version": "1.0.1",
      "resolved": "https://registry.npmjs.org/minimalistic-assert/-/minimalistic-assert-1.0.1.tgz",
      "integrity": "sha512-UtJcAD4yEaGtjPezWuO9wC4nwUnVH/8/Im3yEHQP4b67cXlD/Qr9hdITCU1xDbSEXg2XKNaP8jsReV7vQd00/A=="
    },
    "object-inspect": {
      "version": "1.6.0",
      "resolved": "https://registry.npmjs.org/object-inspect/-/object-inspect-1.6.0.tgz",
      "integrity": "sha512-GJzfBZ6DgDAmnuaM3104jR4s1Myxr3Y3zfIyN4z3UdqN69oSRacNK8UhnobDdC+7J2AHCjGwxQubNJfE70SXXQ=="
    },
    "object-keys": {
      "version": "1.1.1",
      "resolved": "https://registry.npmjs.org/object-keys/-/object-keys-1.1.1.tgz",
      "integrity": "sha512-NuAESUOUMrlIXOfHKzD6bpPu3tYt3xvjNdRIQ+FeT0lNb4K8WR70CaDxhuNguS2XG+GjkyMwOzsN5ZktImfhLA=="
    },
    "object.getownpropertydescriptors": {
      "version": "2.0.3",
      "resolved": "https://registry.npmjs.org/object.getownpropertydescriptors/-/object.getownpropertydescriptors-2.0.3.tgz",
      "integrity": "sha1-h1jIRvW0B62rDyNuCYbxSwUcqhY=",
      "requires": {
        "define-properties": "^1.1.2",
        "es-abstract": "^1.5.1"
      }
    },
    "once": {
      "version": "1.4.0",
      "resolved": "https://registry.npmjs.org/once/-/once-1.4.0.tgz",
      "integrity": "sha1-WDsap3WWHUsROsF9nFC6753Xa9E=",
      "requires": {
        "wrappy": "1"
      }
    },
    "punycode": {
      "version": "1.3.2",
      "resolved": "https://registry.npmjs.org/punycode/-/punycode-1.3.2.tgz",
      "integrity": "sha1-llOgNvt8HuQjQvIyXM7v6jkmxI0="
    },
    "querystring": {
      "version": "0.2.0",
      "resolved": "https://registry.npmjs.org/querystring/-/querystring-0.2.0.tgz",
      "integrity": "sha1-sgmEkgO7Jd+CDadW50cAWHhSFiA="
    },
    "readable-stream": {
      "version": "3.4.0",
      "resolved": "https://registry.npmjs.org/readable-stream/-/readable-stream-3.4.0.tgz",
      "integrity": "sha512-jItXPLmrSR8jmTRmRWJXCnGJsfy85mB3Wd/uINMXA65yrnFo0cPClFIUWzo2najVNSl+mx7/4W8ttlLWJe99pQ==",
      "requires": {
        "inherits": "^2.0.3",
        "string_decoder": "^1.1.1",
        "util-deprecate": "^1.0.1"
      }
    },
    "safe-buffer": {
      "version": "5.2.0",
      "resolved": "https://registry.npmjs.org/safe-buffer/-/safe-buffer-5.2.0.tgz",
      "integrity": "sha512-fZEwUGbVl7kouZs1jCdMLdt95hdIv0ZeHg6L7qPeciMZhZ+/gdesW4wgTARkrFWEpspjEATAzUGPG8N2jJiwbg=="
    },
    "sax": {
      "version": "1.2.4",
      "resolved": "https://registry.npmjs.org/sax/-/sax-1.2.4.tgz",
      "integrity": "sha512-NqVDv9TpANUjFm0N8uM5GxL36UgKi9/atZw+x7YFnQ8ckwFGKrl4xX4yWtrey3UJm5nP1kUbnYgLopqWNSRhWw=="
    },
    "stream-shift": {
      "version": "1.0.0",
      "resolved": "https://registry.npmjs.org/stream-shift/-/stream-shift-1.0.0.tgz",
      "integrity": "sha1-1cdSgl5TZ+eG944Y5EXqIjoVWVI="
    },
    "string.prototype.trimleft": {
      "version": "2.1.0",
      "resolved": "https://registry.npmjs.org/string.prototype.trimleft/-/string.prototype.trimleft-2.1.0.tgz",
      "integrity": "sha512-FJ6b7EgdKxxbDxc79cOlok6Afd++TTs5szo+zJTUyow3ycrRfJVE2pq3vcN53XexvKZu/DJMDfeI/qMiZTrjTw==",
      "requires": {
        "define-properties": "^1.1.3",
        "function-bind": "^1.1.1"
      }
    },
    "string.prototype.trimright": {
      "version": "2.1.0",
      "resolved": "https://registry.npmjs.org/string.prototype.trimright/-/string.prototype.trimright-2.1.0.tgz",
      "integrity": "sha512-fXZTSV55dNBwv16uw+hh5jkghxSnc5oHq+5K/gXgizHwAvMetdAJlHqqoFC1FSDVPYWLkAKl2cxpUT41sV7nSg==",
      "requires": {
        "define-properties": "^1.1.3",
        "function-bind": "^1.1.1"
      }
    },
    "string_decoder": {
      "version": "1.3.0",
      "resolved": "https://registry.npmjs.org/string_decoder/-/string_decoder-1.3.0.tgz",
      "integrity": "sha512-hkRX8U1WjJFd8LsDJ2yQ/wWWxaopEsABU1XfkM8A+j0+85JAGppt16cr1Whg6KIbb4okU6Mql6BOj+uup/wKeA==",
      "requires": {
        "safe-buffer": "~5.2.0"
      }
    },
    "tslib": {
      "version": "1.10.0",
      "resolved": "https://registry.npmjs.org/tslib/-/tslib-1.10.0.tgz",
      "integrity": "sha512-qOebF53frne81cf0S9B41ByenJ3/IuH8yJKngAX35CmiZySA0khhkovshKK+jGCaMnVomla7gVlIcc3EvKPbTQ=="
    },
    "untildify": {
      "version": "4.0.0",
      "resolved": "https://registry.npmjs.org/untildify/-/untildify-4.0.0.tgz",
      "integrity": "sha512-KK8xQ1mkzZeg9inewmFVDNkg3l5LUhoq9kN6iWYB/CC9YMG8HA+c1Q8HwDe6dEX7kErrEVNVBO3fWsVq5iDgtw=="
    },
    "url": {
      "version": "0.10.3",
      "resolved": "https://registry.npmjs.org/url/-/url-0.10.3.tgz",
      "integrity": "sha1-Ah5NnHcF8hu/N9A861h2dAJ3TGQ=",
      "requires": {
        "punycode": "1.3.2",
        "querystring": "0.2.0"
      }
    },
    "util-deprecate": {
      "version": "1.0.2",
      "resolved": "https://registry.npmjs.org/util-deprecate/-/util-deprecate-1.0.2.tgz",
      "integrity": "sha1-RQ1Nyfpw3nMnYvvS1KKJgUGaDM8="
    },
    "util.promisify": {
      "version": "1.0.0",
      "resolved": "https://registry.npmjs.org/util.promisify/-/util.promisify-1.0.0.tgz",
      "integrity": "sha512-i+6qA2MPhvoKLuxnJNpXAGhg7HphQOSUq2LKMZD0m15EiskXUkMvKdF4Uui0WYeCUGea+o2cw/ZuwehtfsrNkA==",
      "requires": {
        "define-properties": "^1.1.2",
        "object.getownpropertydescriptors": "^2.0.3"
      }
    },
    "uuid": {
      "version": "3.3.3",
      "resolved": "https://registry.npmjs.org/uuid/-/uuid-3.3.3.tgz",
      "integrity": "sha512-pW0No1RGHgzlpHJO1nsVrHKpOEIxkGg1xB+v0ZmdNH5OAeAwzAVrCnI2/6Mtx+Uys6iaylxa+D3g4j63IKKjSQ=="
    },
    "wrappy": {
      "version": "1.0.2",
      "resolved": "https://registry.npmjs.org/wrappy/-/wrappy-1.0.2.tgz",
      "integrity": "sha1-tSQ9jz7BqjXxNkYFvA0QNuMKtp8="
    },
    "xml2js": {
      "version": "0.4.22",
      "resolved": "https://registry.npmjs.org/xml2js/-/xml2js-0.4.22.tgz",
      "integrity": "sha512-MWTbxAQqclRSTnehWWe5nMKzI3VmJ8ltiJEco8akcC6j3miOhjjfzKum5sId+CWhfxdOs/1xauYr8/ZDBtQiRw==",
      "requires": {
        "sax": ">=0.6.0",
        "util.promisify": "~1.0.0",
        "xmlbuilder": "~11.0.0"
      }
    },
    "xmlbuilder": {
      "version": "11.0.1",
      "resolved": "https://registry.npmjs.org/xmlbuilder/-/xmlbuilder-11.0.1.tgz",
      "integrity": "sha512-fDlsI/kFEx7gLvbecc0/ohLG50fugQp8ryHzMTuW9vSa1GJ0XYWKnhsUx7oie3G98+r56aTQIUB4kht42R3JvA=="
    },
    "yallist": {
      "version": "3.1.1",
      "resolved": "https://registry.npmjs.org/yallist/-/yallist-3.1.1.tgz",
      "integrity": "sha512-a4UGQaWPH59mOXUYnAG2ewncQS4i4F43Tv3JoAM+s2VDAmS9NsK8GpDMLrCHPksFT7h3K6TOoUNn2pb7RoXx4g=="
    }
  }
}
